
Microsoft Visual Studio Solution File, Format Version 12.00
# Visual Studio Version 17
VisualStudioVersion = 17.11.35303.130
MinimumVisualStudioVersion = 10.0.40219.1
Project("{FAE04EC0-301F-11D3-BF4B-00C04F79EFBC}") = "Practice_3", "Practice_3.csproj", "{D0DD00A8-F799-4B03-8CE0-AE6696B3BCB5}"
EndProject
Global
	GlobalSection(SolutionConfigurationPlatforms) = preSolution
		Debug|Any CPU = Debug|Any CPU
		Release|Any CPU = Release|Any CPU
	EndGlobalSection
	GlobalSection(ProjectConfigurationPlatforms) = postSolution
		{D0DD00A8-F799-4B03-8CE0-AE6696B3BCB5}.Debug|Any CPU.ActiveCfg = Debug|Any CPU
		{D0DD00A8-F799-4B03-8CE0-AE6696B3BCB5}.Debug|Any CPU.Build.0 = Debug|Any CPU
		{D0DD00A8-F799-4B03-8CE0-AE6696B3BCB5}.Release|Any CPU.ActiveCfg = Release|Any CPU
		{D0DD00A8-F799-4B03-8CE0-AE6696B3BCB5}.Release|Any CPU.Build.0 = Release|Any CPU
	EndGlobalSection
	GlobalSection(SolutionProperties) = preSolution
		HideSolutionNode = FALSE
	EndGlobalSection
	GlobalSection(ExtensibilityGlobals) = postSolution
		SolutionGuid = {36ECF370-DCAF-4060-B422-745DB4C3C76F}
	EndGlobalSection
EndGlobal
